version: 1
timestamp: "2026-01-09T08:30:26.719Z"
driver: sqlite
migration: 1 migration(s)
description: Generated 1 change(s)
changes:
  - action: schema_added
    schema: User
snapshot:
  User:
    name: User
    kind: object
    properties:
      name:
        type: String
      email:
        type: String
        unique: true
      email_verified_at:
        type: Timestamp
        nullable: true
      password:
        type: Password
      remember_token:
        type: String
        nullable: true
        length: 100
    options:
      softDelete: true
      authenticatable: true
