version: 1
timestamp: "2026-01-10T13:36:50.500Z"
driver: mysql
migration: 10 migration(s)
description: Generated 10 change(s)
changes:
  - action: schema_added
    schema: PasswordResetToken
  - action: schema_added
    schema: Session
  - action: schema_added
    schema: User
  - action: schema_added
    schema: AuditLog
  - action: schema_added
    schema: Cache
  - action: schema_added
    schema: CacheLock
  - action: schema_added
    schema: FailedJob
  - action: schema_added
    schema: Job
  - action: schema_added
    schema: JobBatch
  - action: schema_added
    schema: PersonalAccessToken
snapshot:
  PasswordResetToken:
    name: PasswordResetToken
    kind: object
    properties:
      email:
        type: String
        displayName:
          ja: メールアドレス
          en: Email
      token:
        type: String
        displayName:
          ja: トークン
          en: Token
      created_at:
        type: Timestamp
        displayName:
          ja: 作成日時
          en: Created At
        nullable: true
    options:
      id: false
      timestamps: false
      tableName: password_reset_tokens
  Session:
    name: Session
    kind: object
    properties:
      id:
        type: String
        displayName:
          ja: セッションID
          en: Session ID
      user_id:
        type: BigInt
        displayName:
          ja: ユーザーID
          en: User ID
        nullable: true
      ip_address:
        type: String
        displayName:
          ja: IPアドレス
          en: IP Address
        nullable: true
        length: 45
      user_agent:
        type: Text
        displayName:
          ja: ユーザーエージェント
          en: User Agent
        nullable: true
      payload:
        type: LongText
        displayName:
          ja: ペイロード
          en: Payload
      last_activity:
        type: Int
        displayName:
          ja: 最終アクティビティ
          en: Last Activity
    options:
      id: false
      timestamps: false
      tableName: sessions
  User:
    name: User
    kind: object
    properties:
      name:
        type: String
        displayName:
          ja: 名前
          en: Name
      email:
        type: String
        displayName:
          ja: メールアドレス
          en: Email
        unique: true
      email_verified_at:
        type: Timestamp
        displayName:
          ja: メール確認日時
          en: Email Verified At
        nullable: true
      password:
        type: String
        displayName:
          ja: パスワード
          en: Password
      remember_token:
        type: String
        displayName:
          ja: リメンバートークン
          en: Remember Token
        nullable: true
        length: 100
    options:
      timestamps: true
  AuditLog:
    name: AuditLog
    kind: object
    properties:
      action:
        type: String
      createdAt:
        type: Timestamp
      updatedAt:
        type: Timestamp
    options:
      timestamps: false
  Cache:
    name: Cache
    kind: object
    properties:
      key:
        type: String
        displayName:
          ja: キー
          en: Key
      value:
        type: MediumText
        displayName:
          ja: 値
          en: Value
      expiration:
        type: Int
        displayName:
          ja: 有効期限
          en: Expiration
    options:
      id: false
      timestamps: false
      tableName: cache
  CacheLock:
    name: CacheLock
    kind: object
    properties:
      key:
        type: String
        displayName:
          ja: キー
          en: Key
      owner:
        type: String
        displayName:
          ja: オーナー
          en: Owner
      expiration:
        type: Int
        displayName:
          ja: 有効期限
          en: Expiration
    options:
      id: false
      timestamps: false
      tableName: cache_locks
  FailedJob:
    name: FailedJob
    kind: object
    properties:
      uuid:
        type: String
        displayName:
          ja: UUID
          en: UUID
        unique: true
      connection:
        type: Text
        displayName:
          ja: 接続
          en: Connection
      queue:
        type: Text
        displayName:
          ja: キュー
          en: Queue
      payload:
        type: LongText
        displayName:
          ja: ペイロード
          en: Payload
      exception:
        type: LongText
        displayName:
          ja: 例外
          en: Exception
      failed_at:
        type: Timestamp
        displayName:
          ja: 失敗日時
          en: Failed At
    options:
      timestamps: false
      tableName: failed_jobs
  Job:
    name: Job
    kind: object
    properties:
      queue:
        type: String
        displayName:
          ja: キュー
          en: Queue
      payload:
        type: LongText
        displayName:
          ja: ペイロード
          en: Payload
      attempts:
        type: TinyInt
        displayName:
          ja: 試行回数
          en: Attempts
        unsigned: true
      reserved_at:
        type: Int
        displayName:
          ja: 予約日時
          en: Reserved At
        nullable: true
        unsigned: true
      available_at:
        type: Int
        displayName:
          ja: 利用可能日時
          en: Available At
        unsigned: true
      created_at:
        type: Int
        displayName:
          ja: 作成日時
          en: Created At
        unsigned: true
    options:
      timestamps: false
      tableName: jobs
  JobBatch:
    name: JobBatch
    kind: object
    properties:
      id:
        type: String
        displayName:
          ja: ID
          en: ID
      name:
        type: String
        displayName:
          ja: 名前
          en: Name
      total_jobs:
        type: Int
        displayName:
          ja: 合計ジョブ数
          en: Total Jobs
      pending_jobs:
        type: Int
        displayName:
          ja: 保留中ジョブ数
          en: Pending Jobs
      failed_jobs:
        type: Int
        displayName:
          ja: 失敗ジョブ数
          en: Failed Jobs
      failed_job_ids:
        type: LongText
        displayName:
          ja: 失敗ジョブID
          en: Failed Job IDs
      options:
        type: MediumText
        displayName:
          ja: オプション
          en: Options
        nullable: true
      cancelled_at:
        type: Int
        displayName:
          ja: キャンセル日時
          en: Cancelled At
        nullable: true
      created_at:
        type: Int
        displayName:
          ja: 作成日時
          en: Created At
      finished_at:
        type: Int
        displayName:
          ja: 完了日時
          en: Finished At
        nullable: true
    options:
      id: false
      timestamps: false
      tableName: job_batches
  PersonalAccessToken:
    name: PersonalAccessToken
    kind: object
    properties:
      tokenable:
        type: Association
        displayName:
          ja: トークン対象
          en: Tokenable
        nullable: false
        relation: MorphTo
        targets:
          - User
      name:
        type: Text
        displayName:
          ja: 名前
          en: Name
      token:
        type: String
        displayName:
          ja: トークン
          en: Token
        unique: true
        length: 64
      abilities:
        type: Text
        displayName:
          ja: 権限
          en: Abilities
        nullable: true
      last_used_at:
        type: Timestamp
        displayName:
          ja: 最終使用日時
          en: Last Used At
        nullable: true
      expires_at:
        type: Timestamp
        displayName:
          ja: 有効期限
          en: Expires At
        nullable: true
    options:
      timestamps: true
      tableName: personal_access_tokens
